
Microsoft Visual Studio Solution File, Format Version 12.00
# Visual Studio Version 16
VisualStudioVersion = 16.0.30320.27
MinimumVisualStudioVersion = 10.0.40219.1
Project("{FAE04EC0-301F-11D3-BF4B-00C04F79EFBC}") = "RunningProcess", "RunningProcess\RunningProcess.csproj", "{4FB580AB-D06C-45CE-BB2E-0625EB1A4C79}"
EndProject
Global
	GlobalSection(SolutionConfigurationPlatforms) = preSolution
		Debug|Any CPU = Debug|Any CPU
		Release|Any CPU = Release|Any CPU
	EndGlobalSection
	GlobalSection(ProjectConfigurationPlatforms) = postSolution
		{4FB580AB-D06C-45CE-BB2E-0625EB1A4C79}.Debug|Any CPU.ActiveCfg = Debug|Any CPU
		{4FB580AB-D06C-45CE-BB2E-0625EB1A4C79}.Debug|Any CPU.Build.0 = Debug|Any CPU
		{4FB580AB-D06C-45CE-BB2E-0625EB1A4C79}.Release|Any CPU.ActiveCfg = Release|Any CPU
		{4FB580AB-D06C-45CE-BB2E-0625EB1A4C79}.Release|Any CPU.Build.0 = Release|Any CPU
	EndGlobalSection
	GlobalSection(SolutionProperties) = preSolution
		HideSolutionNode = FALSE
	EndGlobalSection
	GlobalSection(ExtensibilityGlobals) = postSolution
		SolutionGuid = {9EC19DC0-9D6F-4FCD-BEEF-DE353881F24A}
	EndGlobalSection
EndGlobal
